# @generated - this file is auto-generated by `mise lock` https://mise.jdx.dev/dev-tools/mise-lock.html

lockfile_version = 1

[[tools.flutter]]
version = "3.47.2"
backend = "http:flutter"
specifiers = ["3.47.2"]

[tools.flutter."platforms.linux-x64"]
checksum = "sha256:447878859d01ca9bfdb99a85f245af07ed8a15fedcd9d189c4749e8e92d1f185"
url = "https://storage.googleapis.com/flutter_infra_release/releases/stable/linux/flutter_linux_3.47.2-stable.tar.xz"

[tools.flutter."platforms.macos-arm64"]
checksum = "sha256:f456fd6733053d9301828a2e702d6cbec872923126809aa8c48eb0a696d6cc01"
url = "https://storage.googleapis.com/flutter_infra_release/releases/stable/macos/flutter_macos_arm64_3.47.2-stable.zip"

[tools.flutter."platforms.macos-x64"]
checksum = "sha256:b6fd6ba98c8503d5ee06a6670627b5b1c36167ece3427435ec83b66e9b28c6b5"
url = "https://storage.googleapis.com/flutter_infra_release/releases/stable/macos/flutter_macos_3.47.2-stable.zip"

[[tools."github:mobile-dev-inc/maestro"]]
version = "cli-2.10.0"
backend = "github:mobile-dev-inc/maestro"
specifiers = ["cli-2.10.0"]

[tools."github:mobile-dev-inc/maestro".options]
asset_pattern = "maestro.zip"

[tools."github:mobile-dev-inc/maestro"."platforms.linux-x64"]
checksum = "sha256:29b675e10cc12080e445e9bfb2e2b4e4dfb9c0f2e30d5884120d258b5e1cd991"
url = "https://github.com/mobile-dev-inc/Maestro/releases/download/cli-2.10.0/maestro.zip"
url_api = "https://api.github.com/repos/mobile-dev-inc/Maestro/releases/assets/538294003"

[tools."github:mobile-dev-inc/maestro"."platforms.macos-arm64"]
checksum = "sha256:29b675e10cc12080e445e9bfb2e2b4e4dfb9c0f2e30d5884120d258b5e1cd991"
url = "https://github.com/mobile-dev-inc/Maestro/releases/download/cli-2.10.0/maestro.zip"
url_api = "https://api.github.com/repos/mobile-dev-inc/Maestro/releases/assets/538294003"

[tools."github:mobile-dev-inc/maestro"."platforms.macos-x64"]
checksum = "sha256:29b675e10cc12080e445e9bfb2e2b4e4dfb9c0f2e30d5884120d258b5e1cd991"
url = "https://github.com/mobile-dev-inc/Maestro/releases/download/cli-2.10.0/maestro.zip"
url_api = "https://api.github.com/repos/mobile-dev-inc/Maestro/releases/assets/538294003"

[[tools.lefthook]]
version = "2.1.12"
backend = "aqua:evilmartians/lefthook"
specifiers = ["2.1.12"]

[tools.lefthook."platforms.linux-x64"]
checksum = "sha256:dad908593c859d139b886c14913a44401d95288aa7642d9bdf6f3bd36bd788ff"
url = "https://github.com/evilmartians/lefthook/releases/download/v2.1.12/lefthook_2.1.12_Linux_x86_64.gz"
url_api = "https://api.github.com/repos/evilmartians/lefthook/releases/assets/533627780"
provenance = "github-attestations"

[tools.lefthook."platforms.macos-arm64"]
checksum = "sha256:f23eac328ca50c7b775dc24dc275cdeacb65e16cf8bd1745d18e3c563f704f94"
url = "https://github.com/evilmartians/lefthook/releases/download/v2.1.12/lefthook_2.1.12_MacOS_arm64.gz"
url_api = "https://api.github.com/repos/evilmartians/lefthook/releases/assets/533627758"
provenance = "github-attestations"

[tools.lefthook."platforms.macos-x64"]
checksum = "sha256:83c8591d338b1b789944480d9effe2807adc903cf27e4a16ab013e39d7723c31"
url = "https://github.com/evilmartians/lefthook/releases/download/v2.1.12/lefthook_2.1.12_MacOS_x86_64.gz"
url_api = "https://api.github.com/repos/evilmartians/lefthook/releases/assets/533627775"
provenance = "github-attestations"

[[tools.ruby]]
version = "4.0.1"
backend = "core:ruby"
specifiers = ["4.0.1"]

[tools.ruby.options]
compile = "false"
precompiled_url = "jdx/ruby"
ruby_build_repo = "https://github.com/rbenv/ruby-build.git"
ruby_install = "false"

[tools.ruby."platforms.linux-x64"]
checksum = "sha256:fc5e2bffe2391bfcbebc68b8d5be33a28a6105a15115bf89030121617167ac5d"
url = "https://github.com/jdx/ruby/releases/download/4.0.1-4/ruby-4.0.1.x86_64_linux.tar.gz"
provenance = "github-attestations"

[tools.ruby."platforms.macos-arm64"]
checksum = "sha256:7b0ac575af977f976564412bf91ea5c3ad1dfbd537878a9131caf3961cd393d6"
url = "https://github.com/jdx/ruby/releases/download/4.0.1-4/ruby-4.0.1.macos.tar.gz"
provenance = "github-attestations"

[tools.ruby."platforms.macos-x64"]
checksum = "sha256:3924be2d05db30f4e35f859bf028be85f4b7dd01714142fd823e4af5de2faf9d"
url = "https://cache.ruby-lang.org/pub/ruby/4.0/ruby-4.0.1.tar.gz"
